
Microsoft Visual Studio Solution File, Format Version 12.00
# Visual Studio Version 17
VisualStudioVersion = 17.13.35913.81 d17.13
MinimumVisualStudioVersion = 10.0.40219.1
Project("{FAE04EC0-301F-11D3-BF4B-00C04F79EFBC}") = "legyenOnIsMilliomos", "legyenOnIsMilliomos\legyenOnIsMilliomos.csproj", "{7D0C7242-DFCE-4EF4-8FF3-ACB767C77D25}"
EndProject
Global
	GlobalSection(SolutionConfigurationPlatforms) = preSolution
		Debug|Any CPU = Debug|Any CPU
		Release|Any CPU = Release|Any CPU
	EndGlobalSection
	GlobalSection(ProjectConfigurationPlatforms) = postSolution
		{7D0C7242-DFCE-4EF4-8FF3-ACB767C77D25}.Debug|Any CPU.ActiveCfg = Debug|Any CPU
		{7D0C7242-DFCE-4EF4-8FF3-ACB767C77D25}.Debug|Any CPU.Build.0 = Debug|Any CPU
		{7D0C7242-DFCE-4EF4-8FF3-ACB767C77D25}.Release|Any CPU.ActiveCfg = Release|Any CPU
		{7D0C7242-DFCE-4EF4-8FF3-ACB767C77D25}.Release|Any CPU.Build.0 = Release|Any CPU
	EndGlobalSection
	GlobalSection(SolutionProperties) = preSolution
		HideSolutionNode = FALSE
	EndGlobalSection
	GlobalSection(ExtensibilityGlobals) = postSolution
		SolutionGuid = {83C38D1F-185E-4DB2-A2AB-61939F33286C}
	EndGlobalSection
EndGlobal
